// !$*UTF8*$!
{
	archiveVersion = 1;
	classes = {
	};
	objectVersion = 46;
	objects = {

/* Begin PBXBuildFile section */
		EB3A970F1D9DE73B00174D99 /* AboutViewControllerTableViewController.swift in Sources */ = {isa = PBXBuildFile; fileRef = EB3A970E1D9DE73B00174D99 /* AboutViewControllerTableViewController.swift */; };
		EBA53ACF1D9C4A880033DFF2 /* AppDelegate.swift in Sources */ = {isa = PBXBuildFile; fileRef = EBA53ACE1D9C4A880033DFF2 /* AppDelegate.swift */; };
		EBA53AD11D9C4A880033DFF2 /* ViewController.swift in Sources */ = {isa = PBXBuildFile; fileRef = EBA53AD01D9C4A880033DFF2 /* ViewController.swift */; };
		EBA53AD41D9C4A880033DFF2 /* Main.storyboard in Resources */ = {isa = PBXBuildFile; fileRef = EBA53AD21D9C4A880033DFF2 /* Main.storyboard */; };
		EBA53AD61D9C4A880033DFF2 /* Assets.xcassets in Resources */ = {isa = PBXBuildFile; fileRef = EBA53AD51D9C4A880033DFF2 /* Assets.xcassets */; };
		EBA53AD91D9C4A880033DFF2 /* LaunchScreen.storyboard in Resources */ = {isa = PBXBuildFile; fileRef = EBA53AD71D9C4A880033DFF2 /* LaunchScreen.storyboard */; };
/* End PBXBuildFile section */

/* Begin PBXFileReference section */
		EB3A970E1D9DE73B00174D99 /* AboutViewControllerTableViewController.swift */ = {isa = PBXFileReference; fileEncoding = 4; lastKnownFileType = sourcecode.swift; path = AboutViewControllerTableViewController.swift; sourceTree = "<group>"; };
		EBA53ACB1D9C4A880033DFF2 /* BullsEye.app */ = {isa = PBXFileReference; explicitFileType = wrapper.application; includeInIndex = 0; path = BullsEye.app; sourceTree = BUILT_PRODUCTS_DIR; };
		EBA53ACE1D9C4A880033DFF2 /* AppDelegate.swift */ = {isa = PBXFileReference; lastKnownFileType = sourcecode.swift; path = AppDelegate.swift; sourceTree = "<group>"; };
		EBA53AD01D9C4A880033DFF2 /* ViewController.swift */ = {isa = PBXFileReference; lastKnownFileType = sourcecode.swift; path = ViewController.swift; sourceTree = "<group>"; };
		EBA53AD31D9C4A880033DFF2 /* Base */ = {isa = PBXFileReference; lastKnownFileType = file.storyboard; name = Base; path = Base.lproj/Main.storyboard; sourceTree = "<group>"; };
		EBA53AD51D9C4A880033DFF2 /* Assets.xcassets */ = {isa = PBXFileReference; lastKnownFileType = folder.assetcatalog; path = Assets.xcassets; sourceTree = "<group>"; };
		EBA53AD81D9C4A880033DFF2 /* Base */ = {isa = PBXFileReference; lastKnownFileType = file.storyboard; name = Base; path = Base.lproj/LaunchScreen.storyboard; sourceTree = "<group>"; };
		EBA53ADA1D9C4A880033DFF2 /* Info.plist */ = {isa = PBXFileReference; lastKnownFileType = text.plist.xml; path = Info.plist; sourceTree = "<group>"; };
/* End PBXFileReference section */

/* Begin PBXFrameworksBuildPhase section */
		EBA53AC81D9C4A880033DFF2 /* Frameworks */ = {
			isa = PBXFrameworksBuildPhase;
			buildActionMask = 2147483647;
			files = (
			);
			runOnlyForDeploymentPostprocessing = 0;
		};
/* End PBXFrameworksBuildPhase section */

/* Begin PBXGroup section */
		EBA53AC21D9C4A880033DFF2 = {
			isa = PBXGroup;
			children = (
				EBA53ACD1D9C4A880033DFF2 /* BullsEye */,
				EBA53ACC1D9C4A880033DFF2 /* Products */,
			);
			sourceTree = "<group>";
		};
		EBA53ACC1D9C4A880033DFF2 /* Products */ = {
			isa = PBXGroup;
			children = (
				EBA53ACB1D9C4A880033DFF2 /* BullsEye.app */,
			);
			name = Products;
			sourceTree = "<group>";
		};
		EBA53ACD1D9C4A880033DFF2 /* BullsEye */ = {
			isa = PBXGroup;
			children = (
				EBA53ACE1D9C4A880033DFF2 /* AppDelegate.swift */,
				EBA53AD01D9C4A880033DFF2 /* ViewController.swift */,
				EB3A970E1D9DE73B00174D99 /* AboutViewControllerTableViewController.swift */,
				EBA53AD21D9C4A880033DFF2 /* Main.storyboard */,
				EBA53AD51D9C4A880033DFF2 /* Assets.xcassets */,
				EBA53AD71D9C4A880033DFF2 /* LaunchScreen.storyboard */,
				EBA53ADA1D9C4A880033DFF2 /* Info.plist */,
			);
			path = BullsEye;
			sourceTree = "<group>";
		};
/* End PBXGroup section */

/* Begin PBXNativeTarget section */
		EBA53ACA1D9C4A880033DFF2 /* BullsEye */ = {
			isa = PBXNativeTarget;
			buildConfigurationList = EBA53ADD1D9C4A880033DFF2 /* Build configuration list for PBXNativeTarget "BullsEye" */;
			buildPhases = (
				EBA53AC71D9C4A880033DFF2 /* Sources */,
				EBA53AC81D9C4A880033DFF2 /* Frameworks */,
				EBA53AC91D9C4A880033DFF2 /* Resources */,
			);
			buildRules = (
			);
			dependencies = (
			);
			name = BullsEye;
			productName = BullsEye;
			productReference = EBA53ACB1D9C4A880033DFF2 /* BullsEye.app */;
			productType = "com.apple.product-type.application";
		};
/* End PBXNativeTarget section */

/* Begin PBXProject section */
		EBA53AC31D9C4A880033DFF2 /* Project object */ = {
			isa = PBXProject;
			attributes = {
				LastSwiftUpdateCheck = 0810;
				LastUpgradeCheck = 0810;
				ORGANIZATIONNAME = "kickinbahk Productions";
				TargetAttributes = {
					EBA53ACA1D9C4A880033DFF2 = {
						CreatedOnToolsVersion = 8.1;
						DevelopmentTeam = HPWA75Z78H;
						ProvisioningStyle = Automatic;
					};
				};
			};
			buildConfigurationList = EBA53AC61D9C4A880033DFF2 /* Build configuration list for PBXProject "BullsEye" */;
			compatibilityVersion = "Xcode 3.2";
			developmentRegion = English;
			hasScannedForEncodings = 0;
			knownRegions = (
				en,
				Base,
			);
			mainGroup = EBA53AC21D9C4A880033DFF2;
			productRefGroup = EBA53ACC1D9C4A880033DFF2 /* Products */;
			projectDirPath = "";
			projectRoot = "";
			targets = (
				EBA53ACA1D9C4A880033DFF2 /* BullsEye */,
			);
		};
/* End PBXProject section */

/* Begin PBXResourcesBuildPhase section */
		EBA53AC91D9C4A880033DFF2 /* Resources */ = {
			isa = PBXResourcesBuildPhase;
			buildActionMask = 2147483647;
			files = (
				EBA53AD91D9C4A880033DFF2 /* LaunchScreen.storyboard in Resources */,
				EBA53AD61D9C4A880033DFF2 /* Assets.xcassets in Resources */,
				EBA53AD41D9C4A880033DFF2 /* Main.storyboard in Resources */,
			);
			runOnlyForDeploymentPostprocessing = 0;
		};
/* End PBXResourcesBuildPhase section */

/* Begin PBXSourcesBuildPhase section */
		EBA53AC71D9C4A880033DFF2 /* Sources */ = {
			isa = PBXSourcesBuildPhase;
			buildActionMask = 2147483647;
			files = (
				EB3A970F1D9DE73B00174D99 /* AboutViewControllerTableViewController.swift in Sources */,
				EBA53AD11D9C4A880033DFF2 /* ViewController.swift in Sources */,
				EBA53ACF1D9C4A880033DFF2 /* AppDelegate.swift in Sources */,
			);
			runOnlyForDeploymentPostprocessing = 0;
		};
/* End PBXSourcesBuildPhase section */

/* Begin PBXVariantGroup section */
		EBA53AD21D9C4A880033DFF2 /* Main.storyboard */ = {
			isa = PBXVariantGroup;
			children = (
				EBA53AD31D9C4A880033DFF2 /* Base */,
			);
			name = Main.storyboard;
			sourceTree = "<group>";
		};
		EBA53AD71D9C4A880033DFF2 /* LaunchScreen.storyboard */ = {
			isa = PBXVariantGroup;
			children = (
				EBA53AD81D9C4A880033DFF2 /* Base */,
			);
			name = LaunchScreen.storyboard;
			sourceTree = "<group>";
		};
/* End PBXVariantGroup section */

/* Begin XCBuildConfiguration section */
		EBA53ADB1D9C4A880033DFF2 /* Debug */ = {
			isa = XCBuildConfiguration;
			buildSettings = {
				ALWAYS_SEARCH_USER_PATHS = NO;
				CLANG_ANALYZER_NONNULL = YES;
				CLANG_CXX_LANGUAGE_STANDARD = "gnu++0x";
				CLANG_CXX_LIBRARY = "libc++";
				CLANG_ENABLE_MODULES = YES;
				CLANG_ENABLE_OBJC_ARC = YES;
				CLANG_WARN_BOOL_CONVERSION = YES;
				CLANG_WARN_CONSTANT_CONVERSION = YES;
				CLANG_WARN_DIRECT_OBJC_ISA_USAGE = YES_ERROR;
				CLANG_WARN_DOCUMENTATION_COMMENTS = YES;
				CLANG_WARN_EMPTY_BODY = YES;
				CLANG_WARN_ENUM_CONVERSION = YES;
				CLANG_WARN_INFINITE_RECURSION = YES;
				CLANG_WARN_INT_CONVERSION = YES;
				CLANG_WARN_OBJC_ROOT_CLASS = YES_ERROR;
				CLANG_WARN_SUSPICIOUS_MOVES = YES;
				CLANG_WARN_UNREACHABLE_CODE = YES;
				CLANG_WARN__DUPLICATE_METHOD_MATCH = YES;
				"CODE_SIGN_IDENTITY[sdk=iphoneos*]" = "iPhone Developer";
				COPY_PHASE_STRIP = NO;
				DEBUG_INFORMATION_FORMAT = dwarf;
				ENABLE_STRICT_OBJC_MSGSEND = YES;
				ENABLE_TESTABILITY = YES;
				GCC_C_LANGUAGE_STANDARD = gnu99;
				GCC_DYNAMIC_NO_PIC = NO;
				GCC_NO_COMMON_BLOCKS = YES;
				GCC_OPTIMIZATION_LEVEL = 0;
				GCC_PREPROCESSOR_DEFINITIONS = (
					"DEBUG=1",
					"$(inherited)",
				);
				GCC_WARN_64_TO_32_BIT_CONVERSION = YES;
				GCC_WARN_ABOUT_RETURN_TYPE = YES_ERROR;
				GCC_WARN_UNDECLARED_SELECTOR = YES;
				GCC_WARN_UNINITIALIZED_AUTOS = YES_AGGRESSIVE;
				GCC_WARN_UNUSED_FUNCTION = YES;
				GCC_WARN_UNUSED_VARIABLE = YES;
				IPHONEOS_DEPLOYMENT_TARGET = 10.1;
				MTL_ENABLE_DEBUG_INFO = YES;
				ONLY_ACTIVE_ARCH = YES;
				SDKROOT = iphoneos;
				SWIFT_ACTIVE_COMPILATION_CONDITIONS = DEBUG;
				SWIFT_OPTIMIZATION_LEVEL = "-Onone";
			};
			name = Debug;
		};
		EBA53ADC1D9C4A880033DFF2 /* Release */ = {
			isa = XCBuildConfiguration;
			buildSettings = {
				ALWAYS_SEARCH_USER_PATHS = NO;
				CLANG_ANALYZER_NONNULL = YES;
				CLANG_CXX_LANGUAGE_STANDARD = "gnu++0x";
				CLANG_CXX_LIBRARY = "libc++";
				CLANG_ENABLE_MODULES = YES;
				CLANG_ENABLE_OBJC_ARC = YES;
				CLANG_WARN_BOOL_CONVERSION = YES;
				CLANG_WARN_CONSTANT_CONVERSION = YES;
				CLANG_WARN_DIRECT_OBJC_ISA_USAGE = YES_ERROR;
				CLANG_WARN_DOCUMENTATION_COMMENTS = YES;
				CLANG_WARN_EMPTY_BODY = YES;
				CLANG_WARN_ENUM_CONVERSION = YES;
				CLANG_WARN_INFINITE_RECURSION = YES;
				CLANG_WARN_INT_CONVERSION = YES;
				CLANG_WARN_OBJC_ROOT_CLASS = YES_ERROR;
				CLANG_WARN_SUSPICIOUS_MOVES = YES;
				CLANG_WARN_UNREACHABLE_CODE = YES;
				CLANG_WARN__DUPLICATE_METHOD_MATCH = YES;
				"CODE_SIGN_IDENTITY[sdk=iphoneos*]" = "iPhone Developer";
				COPY_PHASE_STRIP = NO;
				DEBUG_INFORMATION_FORMAT = "dwarf-with-dsym";
				ENABLE_NS_ASSERTIONS = NO;
				ENABLE_STRICT_OBJC_MSGSEND = YES;
				GCC_C_LANGUAGE_STANDARD = gnu99;
				GCC_NO_COMMON_BLOCKS = YES;
				GCC_WARN_64_TO_32_BIT_CONVERSION = YES;
				GCC_WARN_ABOUT_RETURN_TYPE = YES_ERROR;
				GCC_WARN_UNDECLARED_SELECTOR = YES;
				GCC_WARN_UNINITIALIZED_AUTOS = YES_AGGRESSIVE;
				GCC_WARN_UNUSED_FUNCTION = YES;
				GCC_WARN_UNUSED_VARIABLE = YES;
				IPHONEOS_DEPLOYMENT_TARGET = 10.1;
				MTL_ENABLE_DEBUG_INFO = NO;
				SDKROOT = iphoneos;
				SWIFT_OPTIMIZATION_LEVEL = "-Owholemodule";
				VALIDATE_PRODUCT = YES;
			};
			name = Release;
		};
		EBA53ADE1D9C4A880033DFF2 /* Debug */ = {
			isa = XCBuildConfiguration;
			buildSettings = {
				ASSETCATALOG_COMPILER_APPICON_NAME = AppIcon;
				DEVELOPMENT_TEAM = HPWA75Z78H;
				INFOPLIST_FILE = BullsEye/Info.plist;
				IPHONEOS_DEPLOYMENT_TARGET = 10.0;
				LD_RUNPATH_SEARCH_PATHS = "$(inherited) @executable_path/Frameworks";
				PRODUCT_BUNDLE_IDENTIFIER = com.kickinbahkproductions.BullsEye;
				PRODUCT_NAME = "$(TARGET_NAME)";
				SWIFT_VERSION = 3.0;
			};
			name = Debug;
		};
		EBA53ADF1D9C4A880033DFF2 /* Release */ = {
			isa = XCBuildConfiguration;
			buildSettings = {
				ASSETCATALOG_COMPILER_APPICON_NAME = AppIcon;
				DEVELOPMENT_TEAM = HPWA75Z78H;
				INFOPLIST_FILE = BullsEye/Info.plist;
				IPHONEOS_DEPLOYMENT_TARGET = 10.0;
				LD_RUNPATH_SEARCH_PATHS = "$(inherited) @executable_path/Frameworks";
				PRODUCT_BUNDLE_IDENTIFIER = com.kickinbahkproductions.BullsEye;
				PRODUCT_NAME = "$(TARGET_NAME)";
				SWIFT_VERSION = 3.0;
			};
			name = Release;
		};
/* End XCBuildConfiguration section */

/* Begin XCConfigurationList section */
		EBA53AC61D9C4A880033DFF2 /* Build configuration list for PBXProject "BullsEye" */ = {
			isa = XCConfigurationList;
			buildConfigurations = (
				EBA53ADB1D9C4A880033DFF2 /* Debug */,
				EBA53ADC1D9C4A880033DFF2 /* Release */,
			);
			defaultConfigurationIsVisible = 0;
			defaultConfigurationName = Release;
		};
		EBA53ADD1D9C4A880033DFF2 /* Build configuration list for PBXNativeTarget "BullsEye" */ = {
			isa = XCConfigurationList;
			buildConfigurations = (
				EBA53ADE1D9C4A880033DFF2 /* Debug */,
				EBA53ADF1D9C4A880033DFF2 /* Release */,
			);
			defaultConfigurationIsVisible = 0;
			defaultConfigurationName = Release;
		};
/* End XCConfigurationList section */
	};
	rootObject = EBA53AC31D9C4A880033DFF2 /* Project object */;
}
